
Microsoft Visual Studio Solution File, Format Version 12.00
# Visual Studio Version 16
VisualStudioVersion = 16.0.31129.286
MinimumVisualStudioVersion = 10.0.40219.1
Project("{9A19103F-16F7-4668-BE54-9A1E7A4F7556}") = "Quantizacao", "Quantizacao.csproj", "{DCE464F2-45A1-4E48-ACC7-B6B677799962}"
EndProject
Global
	GlobalSection(SolutionConfigurationPlatforms) = preSolution
		Debug|Any CPU = Debug|Any CPU
		Release|Any CPU = Release|Any CPU
	EndGlobalSection
	GlobalSection(ProjectConfigurationPlatforms) = postSolution
		{DCE464F2-45A1-4E48-ACC7-B6B677799962}.Debug|Any CPU.ActiveCfg = Debug|Any CPU
		{DCE464F2-45A1-4E48-ACC7-B6B677799962}.Debug|Any CPU.Build.0 = Debug|Any CPU
		{DCE464F2-45A1-4E48-ACC7-B6B677799962}.Release|Any CPU.ActiveCfg = Release|Any CPU
		{DCE464F2-45A1-4E48-ACC7-B6B677799962}.Release|Any CPU.Build.0 = Release|Any CPU
	EndGlobalSection
	GlobalSection(SolutionProperties) = preSolution
		HideSolutionNode = FALSE
	EndGlobalSection
	GlobalSection(ExtensibilityGlobals) = postSolution
		SolutionGuid = {79C87B9B-77C8-4755-8B8D-D6B13F2657D1}
	EndGlobalSection
EndGlobal
